
Microsoft Visual Studio Solution File, Format Version 12.00
# Visual Studio Version 16
VisualStudioVersion = 16.0.29806.167
MinimumVisualStudioVersion = 10.0.40219.1
Project("{FAE04EC0-301F-11D3-BF4B-00C04F79EFBC}") = "EShopSulution.WebApp", "EShopSulution.WebApp\EShopSulution.WebApp.csproj", "{BBA4EA52-B7F3-4BB6-B2DC-4829DA11C5E0}"
EndProject
Project("{2150E333-8FDC-42A3-9474-1A3956D46DE8}") = "Solution Items", "Solution Items", "{376AD8B3-1744-458A-A258-C96088622F55}"
	ProjectSection(SolutionItems) = preProject
		README.md = README.md
	EndProjectSection
EndProject
Global
	GlobalSection(SolutionConfigurationPlatforms) = preSolution
		Debug|Any CPU = Debug|Any CPU
		Release|Any CPU = Release|Any CPU
	EndGlobalSection
	GlobalSection(ProjectConfigurationPlatforms) = postSolution
		{BBA4EA52-B7F3-4BB6-B2DC-4829DA11C5E0}.Debug|Any CPU.ActiveCfg = Debug|Any CPU
		{BBA4EA52-B7F3-4BB6-B2DC-4829DA11C5E0}.Debug|Any CPU.Build.0 = Debug|Any CPU
		{BBA4EA52-B7F3-4BB6-B2DC-4829DA11C5E0}.Release|Any CPU.ActiveCfg = Release|Any CPU
		{BBA4EA52-B7F3-4BB6-B2DC-4829DA11C5E0}.Release|Any CPU.Build.0 = Release|Any CPU
	EndGlobalSection
	GlobalSection(SolutionProperties) = preSolution
		HideSolutionNode = FALSE
	EndGlobalSection
	GlobalSection(ExtensibilityGlobals) = postSolution
		SolutionGuid = {7BF0A0C5-9226-46F7-AF6C-9F0769AE037F}
	EndGlobalSection
EndGlobal
